{
  "name": "Team3_SELT2020",
  "version": "1.0.0",
  "lockfileVersion": 1,
  "requires": true,
  "dependencies": {
    "@rails/actioncable": {
      "version": "6.0.3-4",
      "resolved": "https://registry.npmjs.org/@rails/actioncable/-/actioncable-6.0.3-4.tgz",
      "integrity": "sha512-uie5McTpl69vHnXCVzKj7iYpVKFfLuE7aqul/I7MX5zVd+yVyyC/g75T1Q10GofyqHYNYWgPiIxgQIoYPyyeKw==",
      "dev": true
    }
  }
}
